
Microsoft Visual Studio Solution File, Format Version 12.00
# Visual Studio Version 17
VisualStudioVersion = 17.5.002.0
MinimumVisualStudioVersion = 10.0.40219.1
Project("{9A19103F-16F7-4668-BE54-9A1E7A4F7556}") = "MauiApp6", "MauiApp6.csproj", "{B760D34C-F6D5-4D6D-88A2-4FDA586B3E96}"
EndProject
Global
	GlobalSection(SolutionConfigurationPlatforms) = preSolution
		Debug|Any CPU = Debug|Any CPU
		Release|Any CPU = Release|Any CPU
	EndGlobalSection
	GlobalSection(ProjectConfigurationPlatforms) = postSolution
		{B760D34C-F6D5-4D6D-88A2-4FDA586B3E96}.Debug|Any CPU.ActiveCfg = Debug|Any CPU
		{B760D34C-F6D5-4D6D-88A2-4FDA586B3E96}.Debug|Any CPU.Build.0 = Debug|Any CPU
		{B760D34C-F6D5-4D6D-88A2-4FDA586B3E96}.Release|Any CPU.ActiveCfg = Release|Any CPU
		{B760D34C-F6D5-4D6D-88A2-4FDA586B3E96}.Release|Any CPU.Build.0 = Release|Any CPU
	EndGlobalSection
	GlobalSection(SolutionProperties) = preSolution
		HideSolutionNode = FALSE
	EndGlobalSection
	GlobalSection(ExtensibilityGlobals) = postSolution
		SolutionGuid = {87626AEA-CB4B-4154-931F-6CDA506769C3}
	EndGlobalSection
EndGlobal
